
Microsoft Visual Studio Solution File, Format Version 12.00
Project("{FAE04EC0-301F-11D3-BF4B-00C04F79EFBC}") = "AdApp", "AdApp\AdApp.csproj", "{2981A5BA-6BCF-48A5-9593-1F02C5E854A0}"
EndProject
Project("{FAE04EC0-301F-11D3-BF4B-00C04F79EFBC}") = "KeyValutApp", "KeyValutApp\KeyValutApp.csproj", "{0180B053-DBDB-4DBE-B5D8-5A64365EAAC7}"
EndProject
Global
	GlobalSection(SolutionConfigurationPlatforms) = preSolution
		Debug|Any CPU = Debug|Any CPU
		Release|Any CPU = Release|Any CPU
	EndGlobalSection
	GlobalSection(ProjectConfigurationPlatforms) = postSolution
		{2981A5BA-6BCF-48A5-9593-1F02C5E854A0}.Debug|Any CPU.ActiveCfg = Debug|Any CPU
		{2981A5BA-6BCF-48A5-9593-1F02C5E854A0}.Debug|Any CPU.Build.0 = Debug|Any CPU
		{2981A5BA-6BCF-48A5-9593-1F02C5E854A0}.Release|Any CPU.ActiveCfg = Release|Any CPU
		{2981A5BA-6BCF-48A5-9593-1F02C5E854A0}.Release|Any CPU.Build.0 = Release|Any CPU
		{0180B053-DBDB-4DBE-B5D8-5A64365EAAC7}.Debug|Any CPU.ActiveCfg = Debug|Any CPU
		{0180B053-DBDB-4DBE-B5D8-5A64365EAAC7}.Debug|Any CPU.Build.0 = Debug|Any CPU
		{0180B053-DBDB-4DBE-B5D8-5A64365EAAC7}.Release|Any CPU.ActiveCfg = Release|Any CPU
		{0180B053-DBDB-4DBE-B5D8-5A64365EAAC7}.Release|Any CPU.Build.0 = Release|Any CPU
	EndGlobalSection
EndGlobal
